
Microsoft Visual Studio Solution File, Format Version 12.00
# Visual Studio 2012
Project("{FAE04EC0-301F-11D3-BF4B-00C04F79EFBC}") = "ConsoleApplication9", "ConsoleApplication9\ConsoleApplication9.csproj", "{BDBB6EB5-E3D3-4784-BDF7-90A86DFDF93E}"
EndProject
Global
	GlobalSection(SolutionConfigurationPlatforms) = preSolution
		Debug|Any CPU = Debug|Any CPU
		Release|Any CPU = Release|Any CPU
	EndGlobalSection
	GlobalSection(ProjectConfigurationPlatforms) = postSolution
		{BDBB6EB5-E3D3-4784-BDF7-90A86DFDF93E}.Debug|Any CPU.ActiveCfg = Debug|Any CPU
		{BDBB6EB5-E3D3-4784-BDF7-90A86DFDF93E}.Debug|Any CPU.Build.0 = Debug|Any CPU
		{BDBB6EB5-E3D3-4784-BDF7-90A86DFDF93E}.Release|Any CPU.ActiveCfg = Release|Any CPU
		{BDBB6EB5-E3D3-4784-BDF7-90A86DFDF93E}.Release|Any CPU.Build.0 = Release|Any CPU
	EndGlobalSection
	GlobalSection(SolutionProperties) = preSolution
		HideSolutionNode = FALSE
	EndGlobalSection
EndGlobal
